
Microsoft Visual Studio Solution File, Format Version 12.00
# Visual Studio Version 16
VisualStudioVersion = 16.0.30413.136
MinimumVisualStudioVersion = 10.0.40219.1
Project("{FAE04EC0-301F-11D3-BF4B-00C04F79EFBC}") = "Banking_App", "Banking_App\Banking_App.csproj", "{21055B3D-D49A-4716-A943-17C479137893}"
EndProject
Global
	GlobalSection(SolutionConfigurationPlatforms) = preSolution
		Debug|Any CPU = Debug|Any CPU
		Release|Any CPU = Release|Any CPU
	EndGlobalSection
	GlobalSection(ProjectConfigurationPlatforms) = postSolution
		{21055B3D-D49A-4716-A943-17C479137893}.Debug|Any CPU.ActiveCfg = Debug|Any CPU
		{21055B3D-D49A-4716-A943-17C479137893}.Debug|Any CPU.Build.0 = Debug|Any CPU
		{21055B3D-D49A-4716-A943-17C479137893}.Release|Any CPU.ActiveCfg = Release|Any CPU
		{21055B3D-D49A-4716-A943-17C479137893}.Release|Any CPU.Build.0 = Release|Any CPU
	EndGlobalSection
	GlobalSection(SolutionProperties) = preSolution
		HideSolutionNode = FALSE
	EndGlobalSection
	GlobalSection(ExtensibilityGlobals) = postSolution
		SolutionGuid = {84B2281A-8659-46EF-8FAB-371F3B576576}
	EndGlobalSection
EndGlobal
